
Microsoft Visual Studio Solution File, Format Version 12.00
# Visual Studio Version 16
VisualStudioVersion = 16.0.32126.315
MinimumVisualStudioVersion = 10.0.40219.1
Project("{FAE04EC0-301F-11D3-BF4B-00C04F79EFBC}") = "WebApp3", "WebApp3\WebApp3.csproj", "{FD54EAF2-F1DE-422F-83F3-6D188C2CDB5E}"
EndProject
Global
	GlobalSection(SolutionConfigurationPlatforms) = preSolution
		Debug|Any CPU = Debug|Any CPU
		Release|Any CPU = Release|Any CPU
	EndGlobalSection
	GlobalSection(ProjectConfigurationPlatforms) = postSolution
		{FD54EAF2-F1DE-422F-83F3-6D188C2CDB5E}.Debug|Any CPU.ActiveCfg = Debug|Any CPU
		{FD54EAF2-F1DE-422F-83F3-6D188C2CDB5E}.Debug|Any CPU.Build.0 = Debug|Any CPU
		{FD54EAF2-F1DE-422F-83F3-6D188C2CDB5E}.Release|Any CPU.ActiveCfg = Release|Any CPU
		{FD54EAF2-F1DE-422F-83F3-6D188C2CDB5E}.Release|Any CPU.Build.0 = Release|Any CPU
	EndGlobalSection
	GlobalSection(SolutionProperties) = preSolution
		HideSolutionNode = FALSE
	EndGlobalSection
	GlobalSection(ExtensibilityGlobals) = postSolution
		SolutionGuid = {1FBAC6D7-2B3A-47FC-A545-815882F6BEEE}
	EndGlobalSection
EndGlobal
